// !$*UTF8*$!
{
	archiveVersion = 1;
	classes = {
	};
	objectVersion = 46;
	objects = {

/* Begin PBXBuildFile section */
		5F42CBA620A1B39A00006A13 /* RootViewController.m in Sources */ = {isa = PBXBuildFile; fileRef = 5F42CBA520A1B39A00006A13 /* RootViewController.m */; };
		5F42CBA920A1B3CD00006A13 /* MineViewController.m in Sources */ = {isa = PBXBuildFile; fileRef = 5F42CBA820A1B3CD00006A13 /* MineViewController.m */; };
		5F42CBAC20A1B3ED00006A13 /* MutipartViewController.m in Sources */ = {isa = PBXBuildFile; fileRef = 5F42CBAB20A1B3ED00006A13 /* MutipartViewController.m */; };
		5F42CBAF20A1B40500006A13 /* MainViewController.m in Sources */ = {isa = PBXBuildFile; fileRef = 5F42CBAE20A1B40500006A13 /* MainViewController.m */; };
		5F42CBB320A1B8FE00006A13 /* MineTableViewCell.m in Sources */ = {isa = PBXBuildFile; fileRef = 5F42CBB220A1B8FE00006A13 /* MineTableViewCell.m */; };
		5F570D0820A7F78A00D73012 /* GNButton.m in Sources */ = {isa = PBXBuildFile; fileRef = 5F570D0720A7F78A00D73012 /* GNButton.m */; };
		5FADC29A20A1B01700663111 /* main.m in Sources */ = {isa = PBXBuildFile; fileRef = 5FADC29920A1B01700663111 /* main.m */; };
		5FADC29D20A1B01700663111 /* AppDelegate.m in Sources */ = {isa = PBXBuildFile; fileRef = 5FADC29C20A1B01700663111 /* AppDelegate.m */; };
		5FADC2A320A1B01700663111 /* Main.storyboard in Resources */ = {isa = PBXBuildFile; fileRef = 5FADC2A120A1B01700663111 /* Main.storyboard */; };
		5FADC2A520A1B01700663111 /* Assets.xcassets in Resources */ = {isa = PBXBuildFile; fileRef = 5FADC2A420A1B01700663111 /* Assets.xcassets */; };
		5FADC2A820A1B01700663111 /* LaunchScreen.storyboard in Resources */ = {isa = PBXBuildFile; fileRef = 5FADC2A620A1B01700663111 /* LaunchScreen.storyboard */; };
		5FADC2B320A1B01700663111 /* MyAppTests.m in Sources */ = {isa = PBXBuildFile; fileRef = 5FADC2B220A1B01700663111 /* MyAppTests.m */; };
		5FADC2BE20A1B01700663111 /* MyAppUITests.m in Sources */ = {isa = PBXBuildFile; fileRef = 5FADC2BD20A1B01700663111 /* MyAppUITests.m */; };
		8F311B75C66EDD7BAF1C8156 /* libPods-MyAppUITests.a in Frameworks */ = {isa = PBXBuildFile; fileRef = 6BBBC18A49F48C7F745B2761 /* libPods-MyAppUITests.a */; };
		ADF26CB31131D2C9AE72D6B6 /* libPods-MyApp.a in Frameworks */ = {isa = PBXBuildFile; fileRef = 479C883B8BFA04366CED7CF1 /* libPods-MyApp.a */; };
		BA6090C70D3B0DA68CB40DE7 /* libPods-MyAppTests.a in Frameworks */ = {isa = PBXBuildFile; fileRef = 07064A4CA7C181C5F7A94627 /* libPods-MyAppTests.a */; };
/* End PBXBuildFile section */

/* Begin PBXContainerItemProxy section */
		5FADC2AF20A1B01700663111 /* PBXContainerItemProxy */ = {
			isa = PBXContainerItemProxy;
			containerPortal = 5FADC28D20A1B01700663111 /* Project object */;
			proxyType = 1;
			remoteGlobalIDString = 5FADC29420A1B01700663111;
			remoteInfo = MyApp;
		};
		5FADC2BA20A1B01700663111 /* PBXContainerItemProxy */ = {
			isa = PBXContainerItemProxy;
			containerPortal = 5FADC28D20A1B01700663111 /* Project object */;
			proxyType = 1;
			remoteGlobalIDString = 5FADC29420A1B01700663111;
			remoteInfo = MyApp;
		};
/* End PBXContainerItemProxy section */

/* Begin PBXFileReference section */
		07064A4CA7C181C5F7A94627 /* libPods-MyAppTests.a */ = {isa = PBXFileReference; explicitFileType = archive.ar; includeInIndex = 0; path = "libPods-MyAppTests.a"; sourceTree = BUILT_PRODUCTS_DIR; };
		0D715E2D33CAC112995C7B46 /* Pods-MyApp.release.xcconfig */ = {isa = PBXFileReference; includeInIndex = 1; lastKnownFileType = text.xcconfig; name = "Pods-MyApp.release.xcconfig"; path = "Pods/Target Support Files/Pods-MyApp/Pods-MyApp.release.xcconfig"; sourceTree = "<group>"; };
		174D8384583A2942A1018F73 /* Pods-MyAppUITests.release.xcconfig */ = {isa = PBXFileReference; includeInIndex = 1; lastKnownFileType = text.xcconfig; name = "Pods-MyAppUITests.release.xcconfig"; path = "Pods/Target Support Files/Pods-MyAppUITests/Pods-MyAppUITests.release.xcconfig"; sourceTree = "<group>"; };
		3EBDEE04C9C0D1F7097C42D2 /* Pods-MyAppUITests.debug.xcconfig */ = {isa = PBXFileReference; includeInIndex = 1; lastKnownFileType = text.xcconfig; name = "Pods-MyAppUITests.debug.xcconfig"; path = "Pods/Target Support Files/Pods-MyAppUITests/Pods-MyAppUITests.debug.xcconfig"; sourceTree = "<group>"; };
		479C883B8BFA04366CED7CF1 /* libPods-MyApp.a */ = {isa = PBXFileReference; explicitFileType = archive.ar; includeInIndex = 0; path = "libPods-MyApp.a"; sourceTree = BUILT_PRODUCTS_DIR; };
		5F42CBA420A1B39A00006A13 /* RootViewController.h */ = {isa = PBXFileReference; fileEncoding = 4; lastKnownFileType = sourcecode.c.h; path = RootViewController.h; sourceTree = "<group>"; };
		5F42CBA520A1B39A00006A13 /* RootViewController.m */ = {isa = PBXFileReference; fileEncoding = 4; lastKnownFileType = sourcecode.c.objc; path = RootViewController.m; sourceTree = "<group>"; };
		5F42CBA720A1B3CD00006A13 /* MineViewController.h */ = {isa = PBXFileReference; fileEncoding = 4; lastKnownFileType = sourcecode.c.h; path = MineViewController.h; sourceTree = "<group>"; };
		5F42CBA820A1B3CD00006A13 /* MineViewController.m */ = {isa = PBXFileReference; fileEncoding = 4; lastKnownFileType = sourcecode.c.objc; path = MineViewController.m; sourceTree = "<group>"; };
		5F42CBAA20A1B3ED00006A13 /* MutipartViewController.h */ = {isa = PBXFileReference; fileEncoding = 4; lastKnownFileType = sourcecode.c.h; path = MutipartViewController.h; sourceTree = "<group>"; };
		5F42CBAB20A1B3ED00006A13 /* MutipartViewController.m */ = {isa = PBXFileReference; fileEncoding = 4; lastKnownFileType = sourcecode.c.objc; path = MutipartViewController.m; sourceTree = "<group>"; };
		5F42CBAD20A1B40500006A13 /* MainViewController.h */ = {isa = PBXFileReference; fileEncoding = 4; lastKnownFileType = sourcecode.c.h; path = MainViewController.h; sourceTree = "<group>"; };
		5F42CBAE20A1B40500006A13 /* MainViewController.m */ = {isa = PBXFileReference; fileEncoding = 4; lastKnownFileType = sourcecode.c.objc; path = MainViewController.m; sourceTree = "<group>"; };
		5F42CBB120A1B8FE00006A13 /* MineTableViewCell.h */ = {isa = PBXFileReference; fileEncoding = 4; lastKnownFileType = sourcecode.c.h; path = MineTableViewCell.h; sourceTree = "<group>"; };
		5F42CBB220A1B8FE00006A13 /* MineTableViewCell.m */ = {isa = PBXFileReference; fileEncoding = 4; lastKnownFileType = sourcecode.c.objc; path = MineTableViewCell.m; sourceTree = "<group>"; };
		5F570D0620A7F78A00D73012 /* GNButton.h */ = {isa = PBXFileReference; fileEncoding = 4; lastKnownFileType = sourcecode.c.h; path = GNButton.h; sourceTree = "<group>"; };
		5F570D0720A7F78A00D73012 /* GNButton.m */ = {isa = PBXFileReference; fileEncoding = 4; lastKnownFileType = sourcecode.c.objc; path = GNButton.m; sourceTree = "<group>"; };
		5FADC29520A1B01700663111 /* MyApp.app */ = {isa = PBXFileReference; explicitFileType = wrapper.application; includeInIndex = 0; path = MyApp.app; sourceTree = BUILT_PRODUCTS_DIR; };
		5FADC29920A1B01700663111 /* main.m */ = {isa = PBXFileReference; lastKnownFileType = sourcecode.c.objc; path = main.m; sourceTree = "<group>"; };
		5FADC29B20A1B01700663111 /* AppDelegate.h */ = {isa = PBXFileReference; lastKnownFileType = sourcecode.c.h; path = AppDelegate.h; sourceTree = "<group>"; };
		5FADC29C20A1B01700663111 /* AppDelegate.m */ = {isa = PBXFileReference; lastKnownFileType = sourcecode.c.objc; path = AppDelegate.m; sourceTree = "<group>"; };
		5FADC2A220A1B01700663111 /* Base */ = {isa = PBXFileReference; lastKnownFileType = file.storyboard; name = Base; path = Base.lproj/Main.storyboard; sourceTree = "<group>"; };
		5FADC2A420A1B01700663111 /* Assets.xcassets */ = {isa = PBXFileReference; lastKnownFileType = folder.assetcatalog; path = Assets.xcassets; sourceTree = "<group>"; };
		5FADC2A720A1B01700663111 /* Base */ = {isa = PBXFileReference; lastKnownFileType = file.storyboard; name = Base; path = Base.lproj/LaunchScreen.storyboard; sourceTree = "<group>"; };
		5FADC2A920A1B01700663111 /* Info.plist */ = {isa = PBXFileReference; lastKnownFileType = text.plist.xml; path = Info.plist; sourceTree = "<group>"; };
		5FADC2AE20A1B01700663111 /* MyAppTests.xctest */ = {isa = PBXFileReference; explicitFileType = wrapper.cfbundle; includeInIndex = 0; path = MyAppTests.xctest; sourceTree = BUILT_PRODUCTS_DIR; };
		5FADC2B220A1B01700663111 /* MyAppTests.m */ = {isa = PBXFileReference; lastKnownFileType = sourcecode.c.objc; path = MyAppTests.m; sourceTree = "<group>"; };
		5FADC2B420A1B01700663111 /* Info.plist */ = {isa = PBXFileReference; lastKnownFileType = text.plist.xml; path = Info.plist; sourceTree = "<group>"; };
		5FADC2B920A1B01700663111 /* MyAppUITests.xctest */ = {isa = PBXFileReference; explicitFileType = wrapper.cfbundle; includeInIndex = 0; path = MyAppUITests.xctest; sourceTree = BUILT_PRODUCTS_DIR; };
		5FADC2BD20A1B01700663111 /* MyAppUITests.m */ = {isa = PBXFileReference; lastKnownFileType = sourcecode.c.objc; path = MyAppUITests.m; sourceTree = "<group>"; };
		5FADC2BF20A1B01700663111 /* Info.plist */ = {isa = PBXFileReference; lastKnownFileType = text.plist.xml; path = Info.plist; sourceTree = "<group>"; };
		6BBBC18A49F48C7F745B2761 /* libPods-MyAppUITests.a */ = {isa = PBXFileReference; explicitFileType = archive.ar; includeInIndex = 0; path = "libPods-MyAppUITests.a"; sourceTree = BUILT_PRODUCTS_DIR; };
		BBF6F3BF7A5B9355769A522B /* Pods-MyAppTests.release.xcconfig */ = {isa = PBXFileReference; includeInIndex = 1; lastKnownFileType = text.xcconfig; name = "Pods-MyAppTests.release.xcconfig"; path = "Pods/Target Support Files/Pods-MyAppTests/Pods-MyAppTests.release.xcconfig"; sourceTree = "<group>"; };
		E76AE19479C520FED74C2A0B /* Pods-MyAppTests.debug.xcconfig */ = {isa = PBXFileReference; includeInIndex = 1; lastKnownFileType = text.xcconfig; name = "Pods-MyAppTests.debug.xcconfig"; path = "Pods/Target Support Files/Pods-MyAppTests/Pods-MyAppTests.debug.xcconfig"; sourceTree = "<group>"; };
		E8F572A9A83CA69D32B27551 /* Pods-MyApp.debug.xcconfig */ = {isa = PBXFileReference; includeInIndex = 1; lastKnownFileType = text.xcconfig; name = "Pods-MyApp.debug.xcconfig"; path = "Pods/Target Support Files/Pods-MyApp/Pods-MyApp.debug.xcconfig"; sourceTree = "<group>"; };
/* End PBXFileReference section */

/* Begin PBXFrameworksBuildPhase section */
		5FADC29220A1B01700663111 /* Frameworks */ = {
			isa = PBXFrameworksBuildPhase;
			buildActionMask = 2147483647;
			files = (
				ADF26CB31131D2C9AE72D6B6 /* libPods-MyApp.a in Frameworks */,
			);
			runOnlyForDeploymentPostprocessing = 0;
		};
		5FADC2AB20A1B01700663111 /* Frameworks */ = {
			isa = PBXFrameworksBuildPhase;
			buildActionMask = 2147483647;
			files = (
				BA6090C70D3B0DA68CB40DE7 /* libPods-MyAppTests.a in Frameworks */,
			);
			runOnlyForDeploymentPostprocessing = 0;
		};
		5FADC2B620A1B01700663111 /* Frameworks */ = {
			isa = PBXFrameworksBuildPhase;
			buildActionMask = 2147483647;
			files = (
				8F311B75C66EDD7BAF1C8156 /* libPods-MyAppUITests.a in Frameworks */,
			);
			runOnlyForDeploymentPostprocessing = 0;
		};
/* End PBXFrameworksBuildPhase section */

/* Begin PBXGroup section */
		2F18814D101C2182B1F62747 /* Frameworks */ = {
			isa = PBXGroup;
			children = (
				479C883B8BFA04366CED7CF1 /* libPods-MyApp.a */,
				07064A4CA7C181C5F7A94627 /* libPods-MyAppTests.a */,
				6BBBC18A49F48C7F745B2761 /* libPods-MyAppUITests.a */,
			);
			name = Frameworks;
			sourceTree = "<group>";
		};
		5F42CB9C20A1B30D00006A13 /* Controller */ = {
			isa = PBXGroup;
			children = (
				5F42CBA320A1B39A00006A13 /* Root */,
			);
			path = Controller;
			sourceTree = "<group>";
		};
		5F42CB9D20A1B31300006A13 /* View */ = {
			isa = PBXGroup;
			children = (
				5F570D0520A7F76300D73012 /* Btn */,
				5F42CBB020A1B8EA00006A13 /* Mine */,
			);
			path = View;
			sourceTree = "<group>";
		};
		5F42CB9E20A1B31800006A13 /* Model */ = {
			isa = PBXGroup;
			children = (
			);
			path = Model;
			sourceTree = "<group>";
		};
		5F42CB9F20A1B31C00006A13 /* NetHandler */ = {
			isa = PBXGroup;
			children = (
			);
			path = NetHandler;
			sourceTree = "<group>";
		};
		5F42CBA320A1B39A00006A13 /* Root */ = {
			isa = PBXGroup;
			children = (
				5F42CBA420A1B39A00006A13 /* RootViewController.h */,
				5F42CBA520A1B39A00006A13 /* RootViewController.m */,
				5F42CBA720A1B3CD00006A13 /* MineViewController.h */,
				5F42CBA820A1B3CD00006A13 /* MineViewController.m */,
				5F42CBAA20A1B3ED00006A13 /* MutipartViewController.h */,
				5F42CBAB20A1B3ED00006A13 /* MutipartViewController.m */,
				5F42CBAD20A1B40500006A13 /* MainViewController.h */,
				5F42CBAE20A1B40500006A13 /* MainViewController.m */,
			);
			path = Root;
			sourceTree = "<group>";
		};
		5F42CBB020A1B8EA00006A13 /* Mine */ = {
			isa = PBXGroup;
			children = (
				5F42CBB120A1B8FE00006A13 /* MineTableViewCell.h */,
				5F42CBB220A1B8FE00006A13 /* MineTableViewCell.m */,
			);
			path = Mine;
			sourceTree = "<group>";
		};
		5F570D0520A7F76300D73012 /* Btn */ = {
			isa = PBXGroup;
			children = (
				5F570D0620A7F78A00D73012 /* GNButton.h */,
				5F570D0720A7F78A00D73012 /* GNButton.m */,
			);
			path = Btn;
			sourceTree = "<group>";
		};
		5FADC28C20A1B01700663111 = {
			isa = PBXGroup;
			children = (
				5FADC29720A1B01700663111 /* MyApp */,
				5FADC2B120A1B01700663111 /* MyAppTests */,
				5FADC2BC20A1B01700663111 /* MyAppUITests */,
				5FADC29620A1B01700663111 /* Products */,
				B00EE67FE86C7A30F26726A3 /* Pods */,
				2F18814D101C2182B1F62747 /* Frameworks */,
			);
			sourceTree = "<group>";
		};
		5FADC29620A1B01700663111 /* Products */ = {
			isa = PBXGroup;
			children = (
				5FADC29520A1B01700663111 /* MyApp.app */,
				5FADC2AE20A1B01700663111 /* MyAppTests.xctest */,
				5FADC2B920A1B01700663111 /* MyAppUITests.xctest */,
			);
			name = Products;
			sourceTree = "<group>";
		};
		5FADC29720A1B01700663111 /* MyApp */ = {
			isa = PBXGroup;
			children = (
				5F42CB9E20A1B31800006A13 /* Model */,
				5F42CB9D20A1B31300006A13 /* View */,
				5F42CB9C20A1B30D00006A13 /* Controller */,
				5F42CB9F20A1B31C00006A13 /* NetHandler */,
				5FADC29C20A1B01700663111 /* AppDelegate.m */,
				5FADC29B20A1B01700663111 /* AppDelegate.h */,
				5FADC2A120A1B01700663111 /* Main.storyboard */,
				5FADC2A420A1B01700663111 /* Assets.xcassets */,
				5FADC2A620A1B01700663111 /* LaunchScreen.storyboard */,
				5FADC2A920A1B01700663111 /* Info.plist */,
				5FADC29820A1B01700663111 /* Supporting Files */,
			);
			path = MyApp;
			sourceTree = "<group>";
		};
		5FADC29820A1B01700663111 /* Supporting Files */ = {
			isa = PBXGroup;
			children = (
				5FADC29920A1B01700663111 /* main.m */,
			);
			name = "Supporting Files";
			sourceTree = "<group>";
		};
		5FADC2B120A1B01700663111 /* MyAppTests */ = {
			isa = PBXGroup;
			children = (
				5FADC2B220A1B01700663111 /* MyAppTests.m */,
				5FADC2B420A1B01700663111 /* Info.plist */,
			);
			path = MyAppTests;
			sourceTree = "<group>";
		};
		5FADC2BC20A1B01700663111 /* MyAppUITests */ = {
			isa = PBXGroup;
			children = (
				5FADC2BD20A1B01700663111 /* MyAppUITests.m */,
				5FADC2BF20A1B01700663111 /* Info.plist */,
			);
			path = MyAppUITests;
			sourceTree = "<group>";
		};
		B00EE67FE86C7A30F26726A3 /* Pods */ = {
			isa = PBXGroup;
			children = (
				E8F572A9A83CA69D32B27551 /* Pods-MyApp.debug.xcconfig */,
				0D715E2D33CAC112995C7B46 /* Pods-MyApp.release.xcconfig */,
				E76AE19479C520FED74C2A0B /* Pods-MyAppTests.debug.xcconfig */,
				BBF6F3BF7A5B9355769A522B /* Pods-MyAppTests.release.xcconfig */,
				3EBDEE04C9C0D1F7097C42D2 /* Pods-MyAppUITests.debug.xcconfig */,
				174D8384583A2942A1018F73 /* Pods-MyAppUITests.release.xcconfig */,
			);
			name = Pods;
			sourceTree = "<group>";
		};
/* End PBXGroup section */

/* Begin PBXNativeTarget section */
		5FADC29420A1B01700663111 /* MyApp */ = {
			isa = PBXNativeTarget;
			buildConfigurationList = 5FADC2C220A1B01700663111 /* Build configuration list for PBXNativeTarget "MyApp" */;
			buildPhases = (
				3A34968A5C35B471F65D29A3 /* [CP] Check Pods Manifest.lock */,
				5FADC29120A1B01700663111 /* Sources */,
				5FADC29220A1B01700663111 /* Frameworks */,
				5FADC29320A1B01700663111 /* Resources */,
				C3D255C939AF6958A1E78C76 /* [CP] Embed Pods Frameworks */,
				28B5207212E8F60509E73A9F /* [CP] Copy Pods Resources */,
			);
			buildRules = (
			);
			dependencies = (
			);
			name = MyApp;
			productName = MyApp;
			productReference = 5FADC29520A1B01700663111 /* MyApp.app */;
			productType = "com.apple.product-type.application";
		};
		5FADC2AD20A1B01700663111 /* MyAppTests */ = {
			isa = PBXNativeTarget;
			buildConfigurationList = 5FADC2C520A1B01700663111 /* Build configuration list for PBXNativeTarget "MyAppTests" */;
			buildPhases = (
				81BF127BE9AE354A4AE127DC /* [CP] Check Pods Manifest.lock */,
				5FADC2AA20A1B01700663111 /* Sources */,
				5FADC2AB20A1B01700663111 /* Frameworks */,
				5FADC2AC20A1B01700663111 /* Resources */,
				19563A264875DE00F27D42A4 /* [CP] Embed Pods Frameworks */,
				5DEBADE2850AE92A967203C0 /* [CP] Copy Pods Resources */,
			);
			buildRules = (
			);
			dependencies = (
				5FADC2B020A1B01700663111 /* PBXTargetDependency */,
			);
			name = MyAppTests;
			productName = MyAppTests;
			productReference = 5FADC2AE20A1B01700663111 /* MyAppTests.xctest */;
			productType = "com.apple.product-type.bundle.unit-test";
		};
		5FADC2B820A1B01700663111 /* MyAppUITests */ = {
			isa = PBXNativeTarget;
			buildConfigurationList = 5FADC2C820A1B01700663111 /* Build configuration list for PBXNativeTarget "MyAppUITests" */;
			buildPhases = (
				67E8B179684B6CD2D05CFB6E /* [CP] Check Pods Manifest.lock */,
				5FADC2B520A1B01700663111 /* Sources */,
				5FADC2B620A1B01700663111 /* Frameworks */,
				5FADC2B720A1B01700663111 /* Resources */,
				D8419AC88D4587ADA460B44F /* [CP] Embed Pods Frameworks */,
				8175230B01F57BFAD5D6E313 /* [CP] Copy Pods Resources */,
			);
			buildRules = (
			);
			dependencies = (
				5FADC2BB20A1B01700663111 /* PBXTargetDependency */,
			);
			name = MyAppUITests;
			productName = MyAppUITests;
			productReference = 5FADC2B920A1B01700663111 /* MyAppUITests.xctest */;
			productType = "com.apple.product-type.bundle.ui-testing";
		};
/* End PBXNativeTarget section */

/* Begin PBXProject section */
		5FADC28D20A1B01700663111 /* Project object */ = {
			isa = PBXProject;
			attributes = {
				LastUpgradeCheck = 0830;
				ORGANIZATIONNAME = " P1no";
				TargetAttributes = {
					5FADC29420A1B01700663111 = {
						CreatedOnToolsVersion = 8.3.3;
						DevelopmentTeam = FQGKZW3CLA;
						ProvisioningStyle = Automatic;
					};
					5FADC2AD20A1B01700663111 = {
						CreatedOnToolsVersion = 8.3.3;
						DevelopmentTeam = FQGKZW3CLA;
						ProvisioningStyle = Automatic;
						TestTargetID = 5FADC29420A1B01700663111;
					};
					5FADC2B820A1B01700663111 = {
						CreatedOnToolsVersion = 8.3.3;
						DevelopmentTeam = FQGKZW3CLA;
						ProvisioningStyle = Automatic;
						TestTargetID = 5FADC29420A1B01700663111;
					};
				};
			};
			buildConfigurationList = 5FADC29020A1B01700663111 /* Build configuration list for PBXProject "MyApp" */;
			compatibilityVersion = "Xcode 3.2";
			developmentRegion = English;
			hasScannedForEncodings = 0;
			knownRegions = (
				en,
				Base,
			);
			mainGroup = 5FADC28C20A1B01700663111;
			productRefGroup = 5FADC29620A1B01700663111 /* Products */;
			projectDirPath = "";
			projectRoot = "";
			targets = (
				5FADC29420A1B01700663111 /* MyApp */,
				5FADC2AD20A1B01700663111 /* MyAppTests */,
				5FADC2B820A1B01700663111 /* MyAppUITests */,
			);
		};
/* End PBXProject section */

/* Begin PBXResourcesBuildPhase section */
		5FADC29320A1B01700663111 /* Resources */ = {
			isa = PBXResourcesBuildPhase;
			buildActionMask = 2147483647;
			files = (
				5FADC2A820A1B01700663111 /* LaunchScreen.storyboard in Resources */,
				5FADC2A520A1B01700663111 /* Assets.xcassets in Resources */,
				5FADC2A320A1B01700663111 /* Main.storyboard in Resources */,
			);
			runOnlyForDeploymentPostprocessing = 0;
		};
		5FADC2AC20A1B01700663111 /* Resources */ = {
			isa = PBXResourcesBuildPhase;
			buildActionMask = 2147483647;
			files = (
			);
			runOnlyForDeploymentPostprocessing = 0;
		};
		5FADC2B720A1B01700663111 /* Resources */ = {
			isa = PBXResourcesBuildPhase;
			buildActionMask = 2147483647;
			files = (
			);
			runOnlyForDeploymentPostprocessing = 0;
		};
/* End PBXResourcesBuildPhase section */

/* Begin PBXShellScriptBuildPhase section */
		19563A264875DE00F27D42A4 /* [CP] Embed Pods Frameworks */ = {
			isa = PBXShellScriptBuildPhase;
			buildActionMask = 2147483647;
			files = (
			);
			inputPaths = (
			);
			name = "[CP] Embed Pods Frameworks";
			outputPaths = (
			);
			runOnlyForDeploymentPostprocessing = 0;
			shellPath = /bin/sh;
			shellScript = "\"${SRCROOT}/Pods/Target Support Files/Pods-MyAppTests/Pods-MyAppTests-frameworks.sh\"\n";
			showEnvVarsInLog = 0;
		};
		28B5207212E8F60509E73A9F /* [CP] Copy Pods Resources */ = {
			isa = PBXShellScriptBuildPhase;
			buildActionMask = 2147483647;
			files = (
			);
			inputPaths = (
				"${SRCROOT}/Pods/Target Support Files/Pods-MyApp/Pods-MyApp-resources.sh",
				"${PODS_ROOT}/MJRefresh/MJRefresh/MJRefresh.bundle",
			);
			name = "[CP] Copy Pods Resources";
			outputPaths = (
				"${TARGET_BUILD_DIR}/${UNLOCALIZED_RESOURCES_FOLDER_PATH}/MJRefresh.bundle",
			);
			runOnlyForDeploymentPostprocessing = 0;
			shellPath = /bin/sh;
			shellScript = "\"${SRCROOT}/Pods/Target Support Files/Pods-MyApp/Pods-MyApp-resources.sh\"\n";
			showEnvVarsInLog = 0;
		};
		3A34968A5C35B471F65D29A3 /* [CP] Check Pods Manifest.lock */ = {
			isa = PBXShellScriptBuildPhase;
			buildActionMask = 2147483647;
			files = (
			);
			inputPaths = (
				"${PODS_PODFILE_DIR_PATH}/Podfile.lock",
				"${PODS_ROOT}/Manifest.lock",
			);
			name = "[CP] Check Pods Manifest.lock";
			outputPaths = (
				"$(DERIVED_FILE_DIR)/Pods-MyApp-checkManifestLockResult.txt",
			);
			runOnlyForDeploymentPostprocessing = 0;
			shellPath = /bin/sh;
			shellScript = "diff \"${PODS_PODFILE_DIR_PATH}/Podfile.lock\" \"${PODS_ROOT}/Manifest.lock\" > /dev/null\nif [ $? != 0 ] ; then\n    # print error to STDERR\n    echo \"error: The sandbox is not in sync with the Podfile.lock. Run 'pod install' or update your CocoaPods installation.\" >&2\n    exit 1\nfi\n# This output is used by Xcode 'outputs' to avoid re-running this script phase.\necho \"SUCCESS\" > \"${SCRIPT_OUTPUT_FILE_0}\"\n";
			showEnvVarsInLog = 0;
		};
		5DEBADE2850AE92A967203C0 /* [CP] Copy Pods Resources */ = {
			isa = PBXShellScriptBuildPhase;
			buildActionMask = 2147483647;
			files = (
			);
			inputPaths = (
			);
			name = "[CP] Copy Pods Resources";
			outputPaths = (
			);
			runOnlyForDeploymentPostprocessing = 0;
			shellPath = /bin/sh;
			shellScript = "\"${SRCROOT}/Pods/Target Support Files/Pods-MyAppTests/Pods-MyAppTests-resources.sh\"\n";
			showEnvVarsInLog = 0;
		};
		67E8B179684B6CD2D05CFB6E /* [CP] Check Pods Manifest.lock */ = {
			isa = PBXShellScriptBuildPhase;
			buildActionMask = 2147483647;
			files = (
			);
			inputPaths = (
				"${PODS_PODFILE_DIR_PATH}/Podfile.lock",
				"${PODS_ROOT}/Manifest.lock",
			);
			name = "[CP] Check Pods Manifest.lock";
			outputPaths = (
				"$(DERIVED_FILE_DIR)/Pods-MyAppUITests-checkManifestLockResult.txt",
			);
			runOnlyForDeploymentPostprocessing = 0;
			shellPath = /bin/sh;
			shellScript = "diff \"${PODS_PODFILE_DIR_PATH}/Podfile.lock\" \"${PODS_ROOT}/Manifest.lock\" > /dev/null\nif [ $? != 0 ] ; then\n    # print error to STDERR\n    echo \"error: The sandbox is not in sync with the Podfile.lock. Run 'pod install' or update your CocoaPods installation.\" >&2\n    exit 1\nfi\n# This output is used by Xcode 'outputs' to avoid re-running this script phase.\necho \"SUCCESS\" > \"${SCRIPT_OUTPUT_FILE_0}\"\n";
			showEnvVarsInLog = 0;
		};
		8175230B01F57BFAD5D6E313 /* [CP] Copy Pods Resources */ = {
			isa = PBXShellScriptBuildPhase;
			buildActionMask = 2147483647;
			files = (
			);
			inputPaths = (
			);
			name = "[CP] Copy Pods Resources";
			outputPaths = (
			);
			runOnlyForDeploymentPostprocessing = 0;
			shellPath = /bin/sh;
			shellScript = "\"${SRCROOT}/Pods/Target Support Files/Pods-MyAppUITests/Pods-MyAppUITests-resources.sh\"\n";
			showEnvVarsInLog = 0;
		};
		81BF127BE9AE354A4AE127DC /* [CP] Check Pods Manifest.lock */ = {
			isa = PBXShellScriptBuildPhase;
			buildActionMask = 2147483647;
			files = (
			);
			inputPaths = (
				"${PODS_PODFILE_DIR_PATH}/Podfile.lock",
				"${PODS_ROOT}/Manifest.lock",
			);
			name = "[CP] Check Pods Manifest.lock";
			outputPaths = (
				"$(DERIVED_FILE_DIR)/Pods-MyAppTests-checkManifestLockResult.txt",
			);
			runOnlyForDeploymentPostprocessing = 0;
			shellPath = /bin/sh;
			shellScript = "diff \"${PODS_PODFILE_DIR_PATH}/Podfile.lock\" \"${PODS_ROOT}/Manifest.lock\" > /dev/null\nif [ $? != 0 ] ; then\n    # print error to STDERR\n    echo \"error: The sandbox is not in sync with the Podfile.lock. Run 'pod install' or update your CocoaPods installation.\" >&2\n    exit 1\nfi\n# This output is used by Xcode 'outputs' to avoid re-running this script phase.\necho \"SUCCESS\" > \"${SCRIPT_OUTPUT_FILE_0}\"\n";
			showEnvVarsInLog = 0;
		};
		C3D255C939AF6958A1E78C76 /* [CP] Embed Pods Frameworks */ = {
			isa = PBXShellScriptBuildPhase;
			buildActionMask = 2147483647;
			files = (
			);
			inputPaths = (
			);
			name = "[CP] Embed Pods Frameworks";
			outputPaths = (
			);
			runOnlyForDeploymentPostprocessing = 0;
			shellPath = /bin/sh;
			shellScript = "\"${SRCROOT}/Pods/Target Support Files/Pods-MyApp/Pods-MyApp-frameworks.sh\"\n";
			showEnvVarsInLog = 0;
		};
		D8419AC88D4587ADA460B44F /* [CP] Embed Pods Frameworks */ = {
			isa = PBXShellScriptBuildPhase;
			buildActionMask = 2147483647;
			files = (
			);
			inputPaths = (
			);
			name = "[CP] Embed Pods Frameworks";
			outputPaths = (
			);
			runOnlyForDeploymentPostprocessing = 0;
			shellPath = /bin/sh;
			shellScript = "\"${SRCROOT}/Pods/Target Support Files/Pods-MyAppUITests/Pods-MyAppUITests-frameworks.sh\"\n";
			showEnvVarsInLog = 0;
		};
/* End PBXShellScriptBuildPhase section */

/* Begin PBXSourcesBuildPhase section */
		5FADC29120A1B01700663111 /* Sources */ = {
			isa = PBXSourcesBuildPhase;
			buildActionMask = 2147483647;
			files = (
				5F42CBAC20A1B3ED00006A13 /* MutipartViewController.m in Sources */,
				5F42CBAF20A1B40500006A13 /* MainViewController.m in Sources */,
				5FADC29D20A1B01700663111 /* AppDelegate.m in Sources */,
				5FADC29A20A1B01700663111 /* main.m in Sources */,
				5F42CBB320A1B8FE00006A13 /* MineTableViewCell.m in Sources */,
				5F42CBA620A1B39A00006A13 /* RootViewController.m in Sources */,
				5F570D0820A7F78A00D73012 /* GNButton.m in Sources */,
				5F42CBA920A1B3CD00006A13 /* MineViewController.m in Sources */,
			);
			runOnlyForDeploymentPostprocessing = 0;
		};
		5FADC2AA20A1B01700663111 /* Sources */ = {
			isa = PBXSourcesBuildPhase;
			buildActionMask = 2147483647;
			files = (
				5FADC2B320A1B01700663111 /* MyAppTests.m in Sources */,
			);
			runOnlyForDeploymentPostprocessing = 0;
		};
		5FADC2B520A1B01700663111 /* Sources */ = {
			isa = PBXSourcesBuildPhase;
			buildActionMask = 2147483647;
			files = (
				5FADC2BE20A1B01700663111 /* MyAppUITests.m in Sources */,
			);
			runOnlyForDeploymentPostprocessing = 0;
		};
/* End PBXSourcesBuildPhase section */

/* Begin PBXTargetDependency section */
		5FADC2B020A1B01700663111 /* PBXTargetDependency */ = {
			isa = PBXTargetDependency;
			target = 5FADC29420A1B01700663111 /* MyApp */;
			targetProxy = 5FADC2AF20A1B01700663111 /* PBXContainerItemProxy */;
		};
		5FADC2BB20A1B01700663111 /* PBXTargetDependency */ = {
			isa = PBXTargetDependency;
			target = 5FADC29420A1B01700663111 /* MyApp */;
			targetProxy = 5FADC2BA20A1B01700663111 /* PBXContainerItemProxy */;
		};
/* End PBXTargetDependency section */

/* Begin PBXVariantGroup section */
		5FADC2A120A1B01700663111 /* Main.storyboard */ = {
			isa = PBXVariantGroup;
			children = (
				5FADC2A220A1B01700663111 /* Base */,
			);
			name = Main.storyboard;
			sourceTree = "<group>";
		};
		5FADC2A620A1B01700663111 /* LaunchScreen.storyboard */ = {
			isa = PBXVariantGroup;
			children = (
				5FADC2A720A1B01700663111 /* Base */,
			);
			name = LaunchScreen.storyboard;
			sourceTree = "<group>";
		};
/* End PBXVariantGroup section */

/* Begin XCBuildConfiguration section */
		5FADC2C020A1B01700663111 /* Debug */ = {
			isa = XCBuildConfiguration;
			buildSettings = {
				ALWAYS_SEARCH_USER_PATHS = NO;
				CLANG_ANALYZER_NONNULL = YES;
				CLANG_ANALYZER_NUMBER_OBJECT_CONVERSION = YES_AGGRESSIVE;
				CLANG_CXX_LANGUAGE_STANDARD = "gnu++0x";
				CLANG_CXX_LIBRARY = "libc++";
				CLANG_ENABLE_MODULES = YES;
				CLANG_ENABLE_OBJC_ARC = YES;
				CLANG_WARN_BOOL_CONVERSION = YES;
				CLANG_WARN_CONSTANT_CONVERSION = YES;
				CLANG_WARN_DIRECT_OBJC_ISA_USAGE = YES_ERROR;
				CLANG_WARN_DOCUMENTATION_COMMENTS = YES;
				CLANG_WARN_EMPTY_BODY = YES;
				CLANG_WARN_ENUM_CONVERSION = YES;
				CLANG_WARN_INFINITE_RECURSION = YES;
				CLANG_WARN_INT_CONVERSION = YES;
				CLANG_WARN_OBJC_ROOT_CLASS = YES_ERROR;
				CLANG_WARN_SUSPICIOUS_MOVE = YES;
				CLANG_WARN_UNREACHABLE_CODE = YES;
				CLANG_WARN__DUPLICATE_METHOD_MATCH = YES;
				"CODE_SIGN_IDENTITY[sdk=iphoneos*]" = "iPhone Developer";
				COPY_PHASE_STRIP = NO;
				DEBUG_INFORMATION_FORMAT = dwarf;
				ENABLE_STRICT_OBJC_MSGSEND = YES;
				ENABLE_TESTABILITY = YES;
				GCC_C_LANGUAGE_STANDARD = gnu99;
				GCC_DYNAMIC_NO_PIC = NO;
				GCC_NO_COMMON_BLOCKS = YES;
				GCC_OPTIMIZATION_LEVEL = 0;
				GCC_PREPROCESSOR_DEFINITIONS = (
					"DEBUG=1",
					"$(inherited)",
				);
				GCC_WARN_64_TO_32_BIT_CONVERSION = YES;
				GCC_WARN_ABOUT_RETURN_TYPE = YES_ERROR;
				GCC_WARN_UNDECLARED_SELECTOR = YES;
				GCC_WARN_UNINITIALIZED_AUTOS = YES_AGGRESSIVE;
				GCC_WARN_UNUSED_FUNCTION = YES;
				GCC_WARN_UNUSED_VARIABLE = YES;
				IPHONEOS_DEPLOYMENT_TARGET = 10.3;
				MTL_ENABLE_DEBUG_INFO = YES;
				ONLY_ACTIVE_ARCH = YES;
				SDKROOT = iphoneos;
				TARGETED_DEVICE_FAMILY = "1,2";
			};
			name = Debug;
		};
		5FADC2C120A1B01700663111 /* Release */ = {
			isa = XCBuildConfiguration;
			buildSettings = {
				ALWAYS_SEARCH_USER_PATHS = NO;
				CLANG_ANALYZER_NONNULL = YES;
				CLANG_ANALYZER_NUMBER_OBJECT_CONVERSION = YES_AGGRESSIVE;
				CLANG_CXX_LANGUAGE_STANDARD = "gnu++0x";
				CLANG_CXX_LIBRARY = "libc++";
				CLANG_ENABLE_MODULES = YES;
				CLANG_ENABLE_OBJC_ARC = YES;
				CLANG_WARN_BOOL_CONVERSION = YES;
				CLANG_WARN_CONSTANT_CONVERSION = YES;
				CLANG_WARN_DIRECT_OBJC_ISA_USAGE = YES_ERROR;
				CLANG_WARN_DOCUMENTATION_COMMENTS = YES;
				CLANG_WARN_EMPTY_BODY = YES;
				CLANG_WARN_ENUM_CONVERSION = YES;
				CLANG_WARN_INFINITE_RECURSION = YES;
				CLANG_WARN_INT_CONVERSION = YES;
				CLANG_WARN_OBJC_ROOT_CLASS = YES_ERROR;
				CLANG_WARN_SUSPICIOUS_MOVE = YES;
				CLANG_WARN_UNREACHABLE_CODE = YES;
				CLANG_WARN__DUPLICATE_METHOD_MATCH = YES;
				"CODE_SIGN_IDENTITY[sdk=iphoneos*]" = "iPhone Developer";
				COPY_PHASE_STRIP = NO;
				DEBUG_INFORMATION_FORMAT = "dwarf-with-dsym";
				ENABLE_NS_ASSERTIONS = NO;
				ENABLE_STRICT_OBJC_MSGSEND = YES;
				GCC_C_LANGUAGE_STANDARD = gnu99;
				GCC_NO_COMMON_BLOCKS = YES;
				GCC_WARN_64_TO_32_BIT_CONVERSION = YES;
				GCC_WARN_ABOUT_RETURN_TYPE = YES_ERROR;
				GCC_WARN_UNDECLARED_SELECTOR = YES;
				GCC_WARN_UNINITIALIZED_AUTOS = YES_AGGRESSIVE;
				GCC_WARN_UNUSED_FUNCTION = YES;
				GCC_WARN_UNUSED_VARIABLE = YES;
				IPHONEOS_DEPLOYMENT_TARGET = 10.3;
				MTL_ENABLE_DEBUG_INFO = NO;
				SDKROOT = iphoneos;
				TARGETED_DEVICE_FAMILY = "1,2";
				VALIDATE_PRODUCT = YES;
			};
			name = Release;
		};
		5FADC2C320A1B01700663111 /* Debug */ = {
			isa = XCBuildConfiguration;
			baseConfigurationReference = E8F572A9A83CA69D32B27551 /* Pods-MyApp.debug.xcconfig */;
			buildSettings = {
				ASSETCATALOG_COMPILER_APPICON_NAME = AppIcon;
				DEVELOPMENT_TEAM = FQGKZW3CLA;
				INFOPLIST_FILE = MyApp/Info.plist;
				IPHONEOS_DEPLOYMENT_TARGET = 8.0;
				LD_RUNPATH_SEARCH_PATHS = "$(inherited) @executable_path/Frameworks";
				PRODUCT_BUNDLE_IDENTIFIER = P1no.MyApp;
				PRODUCT_NAME = "$(TARGET_NAME)";
			};
			name = Debug;
		};
		5FADC2C420A1B01700663111 /* Release */ = {
			isa = XCBuildConfiguration;
			baseConfigurationReference = 0D715E2D33CAC112995C7B46 /* Pods-MyApp.release.xcconfig */;
			buildSettings = {
				ASSETCATALOG_COMPILER_APPICON_NAME = AppIcon;
				DEVELOPMENT_TEAM = FQGKZW3CLA;
				INFOPLIST_FILE = MyApp/Info.plist;
				IPHONEOS_DEPLOYMENT_TARGET = 8.0;
				LD_RUNPATH_SEARCH_PATHS = "$(inherited) @executable_path/Frameworks";
				PRODUCT_BUNDLE_IDENTIFIER = P1no.MyApp;
				PRODUCT_NAME = "$(TARGET_NAME)";
			};
			name = Release;
		};
		5FADC2C620A1B01700663111 /* Debug */ = {
			isa = XCBuildConfiguration;
			baseConfigurationReference = E76AE19479C520FED74C2A0B /* Pods-MyAppTests.debug.xcconfig */;
			buildSettings = {
				BUNDLE_LOADER = "$(TEST_HOST)";
				DEVELOPMENT_TEAM = FQGKZW3CLA;
				INFOPLIST_FILE = MyAppTests/Info.plist;
				LD_RUNPATH_SEARCH_PATHS = "$(inherited) @executable_path/Frameworks @loader_path/Frameworks";
				PRODUCT_BUNDLE_IDENTIFIER = P1no.MyAppTests;
				PRODUCT_NAME = "$(TARGET_NAME)";
				TEST_HOST = "$(BUILT_PRODUCTS_DIR)/MyApp.app/MyApp";
			};
			name = Debug;
		};
		5FADC2C720A1B01700663111 /* Release */ = {
			isa = XCBuildConfiguration;
			baseConfigurationReference = BBF6F3BF7A5B9355769A522B /* Pods-MyAppTests.release.xcconfig */;
			buildSettings = {
				BUNDLE_LOADER = "$(TEST_HOST)";
				DEVELOPMENT_TEAM = FQGKZW3CLA;
				INFOPLIST_FILE = MyAppTests/Info.plist;
				LD_RUNPATH_SEARCH_PATHS = "$(inherited) @executable_path/Frameworks @loader_path/Frameworks";
				PRODUCT_BUNDLE_IDENTIFIER = P1no.MyAppTests;
				PRODUCT_NAME = "$(TARGET_NAME)";
				TEST_HOST = "$(BUILT_PRODUCTS_DIR)/MyApp.app/MyApp";
			};
			name = Release;
		};
		5FADC2C920A1B01700663111 /* Debug */ = {
			isa = XCBuildConfiguration;
			baseConfigurationReference = 3EBDEE04C9C0D1F7097C42D2 /* Pods-MyAppUITests.debug.xcconfig */;
			buildSettings = {
				DEVELOPMENT_TEAM = FQGKZW3CLA;
				INFOPLIST_FILE = MyAppUITests/Info.plist;
				LD_RUNPATH_SEARCH_PATHS = "$(inherited) @executable_path/Frameworks @loader_path/Frameworks";
				PRODUCT_BUNDLE_IDENTIFIER = P1no.MyAppUITests;
				PRODUCT_NAME = "$(TARGET_NAME)";
				TEST_TARGET_NAME = MyApp;
			};
			name = Debug;
		};
		5FADC2CA20A1B01700663111 /* Release */ = {
			isa = XCBuildConfiguration;
			baseConfigurationReference = 174D8384583A2942A1018F73 /* Pods-MyAppUITests.release.xcconfig */;
			buildSettings = {
				DEVELOPMENT_TEAM = FQGKZW3CLA;
				INFOPLIST_FILE = MyAppUITests/Info.plist;
				LD_RUNPATH_SEARCH_PATHS = "$(inherited) @executable_path/Frameworks @loader_path/Frameworks";
				PRODUCT_BUNDLE_IDENTIFIER = P1no.MyAppUITests;
				PRODUCT_NAME = "$(TARGET_NAME)";
				TEST_TARGET_NAME = MyApp;
			};
			name = Release;
		};
/* End XCBuildConfiguration section */

/* Begin XCConfigurationList section */
		5FADC29020A1B01700663111 /* Build configuration list for PBXProject "MyApp" */ = {
			isa = XCConfigurationList;
			buildConfigurations = (
				5FADC2C020A1B01700663111 /* Debug */,
				5FADC2C120A1B01700663111 /* Release */,
			);
			defaultConfigurationIsVisible = 0;
			defaultConfigurationName = Release;
		};
		5FADC2C220A1B01700663111 /* Build configuration list for PBXNativeTarget "MyApp" */ = {
			isa = XCConfigurationList;
			buildConfigurations = (
				5FADC2C320A1B01700663111 /* Debug */,
				5FADC2C420A1B01700663111 /* Release */,
			);
			defaultConfigurationIsVisible = 0;
			defaultConfigurationName = Release;
		};
		5FADC2C520A1B01700663111 /* Build configuration list for PBXNativeTarget "MyAppTests" */ = {
			isa = XCConfigurationList;
			buildConfigurations = (
				5FADC2C620A1B01700663111 /* Debug */,
				5FADC2C720A1B01700663111 /* Release */,
			);
			defaultConfigurationIsVisible = 0;
			defaultConfigurationName = Release;
		};
		5FADC2C820A1B01700663111 /* Build configuration list for PBXNativeTarget "MyAppUITests" */ = {
			isa = XCConfigurationList;
			buildConfigurations = (
				5FADC2C920A1B01700663111 /* Debug */,
				5FADC2CA20A1B01700663111 /* Release */,
			);
			defaultConfigurationIsVisible = 0;
			defaultConfigurationName = Release;
		};
/* End XCConfigurationList section */
	};
	rootObject = 5FADC28D20A1B01700663111 /* Project object */;
}
